// !$*UTF8*$!
{
	archiveVersion = 1;
	classes = {
	};
	objectVersion = 46;
	objects = {

/* Begin PBXBuildFile section */
		AC63F989F32C65CFCE6693B5 /* Pods_DreamTests.framework in Frameworks */ = {isa = PBXBuildFile; fileRef = DF0F128E21AEC89E72875A97 /* Pods_DreamTests.framework */; };
		B98652F41E2B1D87004CCC50 /* AppDelegate.swift in Sources */ = {isa = PBXBuildFile; fileRef = B98652F31E2B1D87004CCC50 /* AppDelegate.swift */; };
		B98652F61E2B1D87004CCC50 /* ViewController.swift in Sources */ = {isa = PBXBuildFile; fileRef = B98652F51E2B1D87004CCC50 /* ViewController.swift */; };
		B98652F91E2B1D87004CCC50 /* Main.storyboard in Resources */ = {isa = PBXBuildFile; fileRef = B98652F71E2B1D87004CCC50 /* Main.storyboard */; };
		B98652FB1E2B1D87004CCC50 /* Assets.xcassets in Resources */ = {isa = PBXBuildFile; fileRef = B98652FA1E2B1D87004CCC50 /* Assets.xcassets */; };
		B98652FE1E2B1D87004CCC50 /* LaunchScreen.storyboard in Resources */ = {isa = PBXBuildFile; fileRef = B98652FC1E2B1D87004CCC50 /* LaunchScreen.storyboard */; };
		B98653091E2B1D87004CCC50 /* DreamTests.swift in Sources */ = {isa = PBXBuildFile; fileRef = B98653081E2B1D87004CCC50 /* DreamTests.swift */; };
		E760BC172B56F44040980AAF /* Pods_Dream.framework in Frameworks */ = {isa = PBXBuildFile; fileRef = B597A76F5CB82F739CB97ECA /* Pods_Dream.framework */; };
/* End PBXBuildFile section */

/* Begin PBXContainerItemProxy section */
		B98653051E2B1D87004CCC50 /* PBXContainerItemProxy */ = {
			isa = PBXContainerItemProxy;
			containerPortal = B98652E81E2B1D87004CCC50 /* Project object */;
			proxyType = 1;
			remoteGlobalIDString = B98652EF1E2B1D87004CCC50;
			remoteInfo = Dream;
		};
/* End PBXContainerItemProxy section */

/* Begin PBXFileReference section */
		3641C53DA38C11F675C59BDC /* Pods-DreamTests.release.xcconfig */ = {isa = PBXFileReference; includeInIndex = 1; lastKnownFileType = text.xcconfig; name = "Pods-DreamTests.release.xcconfig"; path = "Pods/Target Support Files/Pods-DreamTests/Pods-DreamTests.release.xcconfig"; sourceTree = "<group>"; };
		B597A76F5CB82F739CB97ECA /* Pods_Dream.framework */ = {isa = PBXFileReference; explicitFileType = wrapper.framework; includeInIndex = 0; path = Pods_Dream.framework; sourceTree = BUILT_PRODUCTS_DIR; };
		B98652F01E2B1D87004CCC50 /* Dream.app */ = {isa = PBXFileReference; explicitFileType = wrapper.application; includeInIndex = 0; path = Dream.app; sourceTree = BUILT_PRODUCTS_DIR; };
		B98652F31E2B1D87004CCC50 /* AppDelegate.swift */ = {isa = PBXFileReference; lastKnownFileType = sourcecode.swift; path = AppDelegate.swift; sourceTree = "<group>"; };
		B98652F51E2B1D87004CCC50 /* ViewController.swift */ = {isa = PBXFileReference; lastKnownFileType = sourcecode.swift; path = ViewController.swift; sourceTree = "<group>"; };
		B98652F81E2B1D87004CCC50 /* Base */ = {isa = PBXFileReference; lastKnownFileType = file.storyboard; name = Base; path = Base.lproj/Main.storyboard; sourceTree = "<group>"; };
		B98652FA1E2B1D87004CCC50 /* Assets.xcassets */ = {isa = PBXFileReference; lastKnownFileType = folder.assetcatalog; path = Assets.xcassets; sourceTree = "<group>"; };
		B98652FD1E2B1D87004CCC50 /* Base */ = {isa = PBXFileReference; lastKnownFileType = file.storyboard; name = Base; path = Base.lproj/LaunchScreen.storyboard; sourceTree = "<group>"; };
		B98652FF1E2B1D87004CCC50 /* Info.plist */ = {isa = PBXFileReference; lastKnownFileType = text.plist.xml; path = Info.plist; sourceTree = "<group>"; };
		B98653041E2B1D87004CCC50 /* DreamTests.xctest */ = {isa = PBXFileReference; explicitFileType = wrapper.cfbundle; includeInIndex = 0; path = DreamTests.xctest; sourceTree = BUILT_PRODUCTS_DIR; };
		B98653081E2B1D87004CCC50 /* DreamTests.swift */ = {isa = PBXFileReference; lastKnownFileType = sourcecode.swift; path = DreamTests.swift; sourceTree = "<group>"; };
		B986530A1E2B1D87004CCC50 /* Info.plist */ = {isa = PBXFileReference; lastKnownFileType = text.plist.xml; path = Info.plist; sourceTree = "<group>"; };
		D480BA1425D9C401DF9023A9 /* Pods-Dream.release.xcconfig */ = {isa = PBXFileReference; includeInIndex = 1; lastKnownFileType = text.xcconfig; name = "Pods-Dream.release.xcconfig"; path = "Pods/Target Support Files/Pods-Dream/Pods-Dream.release.xcconfig"; sourceTree = "<group>"; };
		DF0F128E21AEC89E72875A97 /* Pods_DreamTests.framework */ = {isa = PBXFileReference; explicitFileType = wrapper.framework; includeInIndex = 0; path = Pods_DreamTests.framework; sourceTree = BUILT_PRODUCTS_DIR; };
		F4FA317C5521CF2D10618D99 /* Pods-Dream.debug.xcconfig */ = {isa = PBXFileReference; includeInIndex = 1; lastKnownFileType = text.xcconfig; name = "Pods-Dream.debug.xcconfig"; path = "Pods/Target Support Files/Pods-Dream/Pods-Dream.debug.xcconfig"; sourceTree = "<group>"; };
		FD65AD93FDBE4D48DE6072A0 /* Pods-DreamTests.debug.xcconfig */ = {isa = PBXFileReference; includeInIndex = 1; lastKnownFileType = text.xcconfig; name = "Pods-DreamTests.debug.xcconfig"; path = "Pods/Target Support Files/Pods-DreamTests/Pods-DreamTests.debug.xcconfig"; sourceTree = "<group>"; };
/* End PBXFileReference section */

/* Begin PBXFrameworksBuildPhase section */
		B98652ED1E2B1D87004CCC50 /* Frameworks */ = {
			isa = PBXFrameworksBuildPhase;
			buildActionMask = 2147483647;
			files = (
				E760BC172B56F44040980AAF /* Pods_Dream.framework in Frameworks */,
			);
			runOnlyForDeploymentPostprocessing = 0;
		};
		B98653011E2B1D87004CCC50 /* Frameworks */ = {
			isa = PBXFrameworksBuildPhase;
			buildActionMask = 2147483647;
			files = (
				AC63F989F32C65CFCE6693B5 /* Pods_DreamTests.framework in Frameworks */,
			);
			runOnlyForDeploymentPostprocessing = 0;
		};
/* End PBXFrameworksBuildPhase section */

/* Begin PBXGroup section */
		4CF7EBF9BCCFCF4F533EEE36 /* Pods */ = {
			isa = PBXGroup;
			children = (
				F4FA317C5521CF2D10618D99 /* Pods-Dream.debug.xcconfig */,
				D480BA1425D9C401DF9023A9 /* Pods-Dream.release.xcconfig */,
				FD65AD93FDBE4D48DE6072A0 /* Pods-DreamTests.debug.xcconfig */,
				3641C53DA38C11F675C59BDC /* Pods-DreamTests.release.xcconfig */,
			);
			name = Pods;
			sourceTree = "<group>";
		};
		66468DB296D8DF80EF22FDF1 /* Frameworks */ = {
			isa = PBXGroup;
			children = (
				B597A76F5CB82F739CB97ECA /* Pods_Dream.framework */,
				DF0F128E21AEC89E72875A97 /* Pods_DreamTests.framework */,
			);
			name = Frameworks;
			sourceTree = "<group>";
		};
		B98652E71E2B1D87004CCC50 = {
			isa = PBXGroup;
			children = (
				B98652F21E2B1D87004CCC50 /* Dream */,
				B98653071E2B1D87004CCC50 /* DreamTests */,
				B98652F11E2B1D87004CCC50 /* Products */,
				4CF7EBF9BCCFCF4F533EEE36 /* Pods */,
				66468DB296D8DF80EF22FDF1 /* Frameworks */,
			);
			sourceTree = "<group>";
		};
		B98652F11E2B1D87004CCC50 /* Products */ = {
			isa = PBXGroup;
			children = (
				B98652F01E2B1D87004CCC50 /* Dream.app */,
				B98653041E2B1D87004CCC50 /* DreamTests.xctest */,
			);
			name = Products;
			sourceTree = "<group>";
		};
		B98652F21E2B1D87004CCC50 /* Dream */ = {
			isa = PBXGroup;
			children = (
				B98652F31E2B1D87004CCC50 /* AppDelegate.swift */,
				B98652F51E2B1D87004CCC50 /* ViewController.swift */,
				B98652F71E2B1D87004CCC50 /* Main.storyboard */,
				B98652FA1E2B1D87004CCC50 /* Assets.xcassets */,
				B98652FC1E2B1D87004CCC50 /* LaunchScreen.storyboard */,
				B98652FF1E2B1D87004CCC50 /* Info.plist */,
			);
			path = Dream;
			sourceTree = "<group>";
		};
		B98653071E2B1D87004CCC50 /* DreamTests */ = {
			isa = PBXGroup;
			children = (
				B98653081E2B1D87004CCC50 /* DreamTests.swift */,
				B986530A1E2B1D87004CCC50 /* Info.plist */,
			);
			path = DreamTests;
			sourceTree = "<group>";
		};
/* End PBXGroup section */

/* Begin PBXNativeTarget section */
		B98652EF1E2B1D87004CCC50 /* Dream */ = {
			isa = PBXNativeTarget;
			buildConfigurationList = B986530D1E2B1D87004CCC50 /* Build configuration list for PBXNativeTarget "Dream" */;
			buildPhases = (
				C41EF9FFB3E7E39F43E659B1 /* [CP] Check Pods Manifest.lock */,
				B98652EC1E2B1D87004CCC50 /* Sources */,
				B98652ED1E2B1D87004CCC50 /* Frameworks */,
				B98652EE1E2B1D87004CCC50 /* Resources */,
				8411A2400B59F1CBDFA5F41C /* [CP] Embed Pods Frameworks */,
				E2BEE6C7D81980B4B91E2C4A /* [CP] Copy Pods Resources */,
			);
			buildRules = (
			);
			dependencies = (
			);
			name = Dream;
			productName = Dream;
			productReference = B98652F01E2B1D87004CCC50 /* Dream.app */;
			productType = "com.apple.product-type.application";
		};
		B98653031E2B1D87004CCC50 /* DreamTests */ = {
			isa = PBXNativeTarget;
			buildConfigurationList = B98653101E2B1D87004CCC50 /* Build configuration list for PBXNativeTarget "DreamTests" */;
			buildPhases = (
				3ED3DCFC33BD77E41D22D4F9 /* [CP] Check Pods Manifest.lock */,
				B98653001E2B1D87004CCC50 /* Sources */,
				B98653011E2B1D87004CCC50 /* Frameworks */,
				B98653021E2B1D87004CCC50 /* Resources */,
				13CFEBEAF80D220EDBE73B66 /* [CP] Embed Pods Frameworks */,
				57DDE878B6E1B1D05D6C187E /* [CP] Copy Pods Resources */,
			);
			buildRules = (
			);
			dependencies = (
				B98653061E2B1D87004CCC50 /* PBXTargetDependency */,
			);
			name = DreamTests;
			productName = DreamTests;
			productReference = B98653041E2B1D87004CCC50 /* DreamTests.xctest */;
			productType = "com.apple.product-type.bundle.unit-test";
		};
/* End PBXNativeTarget section */

/* Begin PBXProject section */
		B98652E81E2B1D87004CCC50 /* Project object */ = {
			isa = PBXProject;
			attributes = {
				LastSwiftUpdateCheck = 0820;
				LastUpgradeCheck = 0820;
				ORGANIZATIONNAME = "Julian Tejera";
				TargetAttributes = {
					B98652EF1E2B1D87004CCC50 = {
						CreatedOnToolsVersion = 8.2;
						DevelopmentTeam = VDYWQG4YL7;
						ProvisioningStyle = Automatic;
					};
					B98653031E2B1D87004CCC50 = {
						CreatedOnToolsVersion = 8.2;
						DevelopmentTeam = VDYWQG4YL7;
						ProvisioningStyle = Automatic;
						TestTargetID = B98652EF1E2B1D87004CCC50;
					};
				};
			};
			buildConfigurationList = B98652EB1E2B1D87004CCC50 /* Build configuration list for PBXProject "Dream" */;
			compatibilityVersion = "Xcode 3.2";
			developmentRegion = English;
			hasScannedForEncodings = 0;
			knownRegions = (
				en,
				Base,
			);
			mainGroup = B98652E71E2B1D87004CCC50;
			productRefGroup = B98652F11E2B1D87004CCC50 /* Products */;
			projectDirPath = "";
			projectRoot = "";
			targets = (
				B98652EF1E2B1D87004CCC50 /* Dream */,
				B98653031E2B1D87004CCC50 /* DreamTests */,
			);
		};
/* End PBXProject section */

/* Begin PBXResourcesBuildPhase section */
		B98652EE1E2B1D87004CCC50 /* Resources */ = {
			isa = PBXResourcesBuildPhase;
			buildActionMask = 2147483647;
			files = (
				B98652FE1E2B1D87004CCC50 /* LaunchScreen.storyboard in Resources */,
				B98652FB1E2B1D87004CCC50 /* Assets.xcassets in Resources */,
				B98652F91E2B1D87004CCC50 /* Main.storyboard in Resources */,
			);
			runOnlyForDeploymentPostprocessing = 0;
		};
		B98653021E2B1D87004CCC50 /* Resources */ = {
			isa = PBXResourcesBuildPhase;
			buildActionMask = 2147483647;
			files = (
			);
			runOnlyForDeploymentPostprocessing = 0;
		};
/* End PBXResourcesBuildPhase section */

/* Begin PBXShellScriptBuildPhase section */
		13CFEBEAF80D220EDBE73B66 /* [CP] Embed Pods Frameworks */ = {
			isa = PBXShellScriptBuildPhase;
			buildActionMask = 2147483647;
			files = (
			);
			inputPaths = (
			);
			name = "[CP] Embed Pods Frameworks";
			outputPaths = (
			);
			runOnlyForDeploymentPostprocessing = 0;
			shellPath = /bin/sh;
			shellScript = "\"${SRCROOT}/Pods/Target Support Files/Pods-DreamTests/Pods-DreamTests-frameworks.sh\"\n";
			showEnvVarsInLog = 0;
		};
		3ED3DCFC33BD77E41D22D4F9 /* [CP] Check Pods Manifest.lock */ = {
			isa = PBXShellScriptBuildPhase;
			buildActionMask = 2147483647;
			files = (
			);
			inputPaths = (
			);
			name = "[CP] Check Pods Manifest.lock";
			outputPaths = (
			);
			runOnlyForDeploymentPostprocessing = 0;
			shellPath = /bin/sh;
			shellScript = "diff \"${PODS_ROOT}/../Podfile.lock\" \"${PODS_ROOT}/Manifest.lock\" > /dev/null\nif [ $? != 0 ] ; then\n    # print error to STDERR\n    echo \"error: The sandbox is not in sync with the Podfile.lock. Run 'pod install' or update your CocoaPods installation.\" >&2\n    exit 1\nfi\n";
			showEnvVarsInLog = 0;
		};
		57DDE878B6E1B1D05D6C187E /* [CP] Copy Pods Resources */ = {
			isa = PBXShellScriptBuildPhase;
			buildActionMask = 2147483647;
			files = (
			);
			inputPaths = (
			);
			name = "[CP] Copy Pods Resources";
			outputPaths = (
			);
			runOnlyForDeploymentPostprocessing = 0;
			shellPath = /bin/sh;
			shellScript = "\"${SRCROOT}/Pods/Target Support Files/Pods-DreamTests/Pods-DreamTests-resources.sh\"\n";
			showEnvVarsInLog = 0;
		};
		8411A2400B59F1CBDFA5F41C /* [CP] Embed Pods Frameworks */ = {
			isa = PBXShellScriptBuildPhase;
			buildActionMask = 2147483647;
			files = (
			);
			inputPaths = (
			);
			name = "[CP] Embed Pods Frameworks";
			outputPaths = (
			);
			runOnlyForDeploymentPostprocessing = 0;
			shellPath = /bin/sh;
			shellScript = "\"${SRCROOT}/Pods/Target Support Files/Pods-Dream/Pods-Dream-frameworks.sh\"\n";
			showEnvVarsInLog = 0;
		};
		C41EF9FFB3E7E39F43E659B1 /* [CP] Check Pods Manifest.lock */ = {
			isa = PBXShellScriptBuildPhase;
			buildActionMask = 2147483647;
			files = (
			);
			inputPaths = (
			);
			name = "[CP] Check Pods Manifest.lock";
			outputPaths = (
			);
			runOnlyForDeploymentPostprocessing = 0;
			shellPath = /bin/sh;
			shellScript = "diff \"${PODS_ROOT}/../Podfile.lock\" \"${PODS_ROOT}/Manifest.lock\" > /dev/null\nif [ $? != 0 ] ; then\n    # print error to STDERR\n    echo \"error: The sandbox is not in sync with the Podfile.lock. Run 'pod install' or update your CocoaPods installation.\" >&2\n    exit 1\nfi\n";
			showEnvVarsInLog = 0;
		};
		E2BEE6C7D81980B4B91E2C4A /* [CP] Copy Pods Resources */ = {
			isa = PBXShellScriptBuildPhase;
			buildActionMask = 2147483647;
			files = (
			);
			inputPaths = (
			);
			name = "[CP] Copy Pods Resources";
			outputPaths = (
			);
			runOnlyForDeploymentPostprocessing = 0;
			shellPath = /bin/sh;
			shellScript = "\"${SRCROOT}/Pods/Target Support Files/Pods-Dream/Pods-Dream-resources.sh\"\n";
			showEnvVarsInLog = 0;
		};
/* End PBXShellScriptBuildPhase section */

/* Begin PBXSourcesBuildPhase section */
		B98652EC1E2B1D87004CCC50 /* Sources */ = {
			isa = PBXSourcesBuildPhase;
			buildActionMask = 2147483647;
			files = (
				B98652F61E2B1D87004CCC50 /* ViewController.swift in Sources */,
				B98652F41E2B1D87004CCC50 /* AppDelegate.swift in Sources */,
			);
			runOnlyForDeploymentPostprocessing = 0;
		};
		B98653001E2B1D87004CCC50 /* Sources */ = {
			isa = PBXSourcesBuildPhase;
			buildActionMask = 2147483647;
			files = (
				B98653091E2B1D87004CCC50 /* DreamTests.swift in Sources */,
			);
			runOnlyForDeploymentPostprocessing = 0;
		};
/* End PBXSourcesBuildPhase section */

/* Begin PBXTargetDependency section */
		B98653061E2B1D87004CCC50 /* PBXTargetDependency */ = {
			isa = PBXTargetDependency;
			target = B98652EF1E2B1D87004CCC50 /* Dream */;
			targetProxy = B98653051E2B1D87004CCC50 /* PBXContainerItemProxy */;
		};
/* End PBXTargetDependency section */

/* Begin PBXVariantGroup section */
		B98652F71E2B1D87004CCC50 /* Main.storyboard */ = {
			isa = PBXVariantGroup;
			children = (
				B98652F81E2B1D87004CCC50 /* Base */,
			);
			name = Main.storyboard;
			sourceTree = "<group>";
		};
		B98652FC1E2B1D87004CCC50 /* LaunchScreen.storyboard */ = {
			isa = PBXVariantGroup;
			children = (
				B98652FD1E2B1D87004CCC50 /* Base */,
			);
			name = LaunchScreen.storyboard;
			sourceTree = "<group>";
		};
/* End PBXVariantGroup section */

/* Begin XCBuildConfiguration section */
		B986530B1E2B1D87004CCC50 /* Debug */ = {
			isa = XCBuildConfiguration;
			buildSettings = {
				ALWAYS_SEARCH_USER_PATHS = NO;
				CLANG_ANALYZER_NONNULL = YES;
				CLANG_CXX_LANGUAGE_STANDARD = "gnu++0x";
				CLANG_CXX_LIBRARY = "libc++";
				CLANG_ENABLE_MODULES = YES;
				CLANG_ENABLE_OBJC_ARC = YES;
				CLANG_WARN_BOOL_CONVERSION = YES;
				CLANG_WARN_CONSTANT_CONVERSION = YES;
				CLANG_WARN_DIRECT_OBJC_ISA_USAGE = YES_ERROR;
				CLANG_WARN_DOCUMENTATION_COMMENTS = YES;
				CLANG_WARN_EMPTY_BODY = YES;
				CLANG_WARN_ENUM_CONVERSION = YES;
				CLANG_WARN_INFINITE_RECURSION = YES;
				CLANG_WARN_INT_CONVERSION = YES;
				CLANG_WARN_OBJC_ROOT_CLASS = YES_ERROR;
				CLANG_WARN_SUSPICIOUS_MOVE = YES;
				CLANG_WARN_UNREACHABLE_CODE = YES;
				CLANG_WARN__DUPLICATE_METHOD_MATCH = YES;
				"CODE_SIGN_IDENTITY[sdk=iphoneos*]" = "iPhone Developer";
				COPY_PHASE_STRIP = NO;
				DEBUG_INFORMATION_FORMAT = dwarf;
				ENABLE_STRICT_OBJC_MSGSEND = YES;
				ENABLE_TESTABILITY = YES;
				GCC_C_LANGUAGE_STANDARD = gnu99;
				GCC_DYNAMIC_NO_PIC = NO;
				GCC_NO_COMMON_BLOCKS = YES;
				GCC_OPTIMIZATION_LEVEL = 0;
				GCC_PREPROCESSOR_DEFINITIONS = (
					"DEBUG=1",
					"$(inherited)",
				);
				GCC_WARN_64_TO_32_BIT_CONVERSION = YES;
				GCC_WARN_ABOUT_RETURN_TYPE = YES_ERROR;
				GCC_WARN_UNDECLARED_SELECTOR = YES;
				GCC_WARN_UNINITIALIZED_AUTOS = YES_AGGRESSIVE;
				GCC_WARN_UNUSED_FUNCTION = YES;
				GCC_WARN_UNUSED_VARIABLE = YES;
				IPHONEOS_DEPLOYMENT_TARGET = 10.2;
				MTL_ENABLE_DEBUG_INFO = YES;
				ONLY_ACTIVE_ARCH = YES;
				SDKROOT = iphoneos;
				SWIFT_ACTIVE_COMPILATION_CONDITIONS = DEBUG;
				SWIFT_OPTIMIZATION_LEVEL = "-Onone";
				TARGETED_DEVICE_FAMILY = "1,2";
			};
			name = Debug;
		};
		B986530C1E2B1D87004CCC50 /* Release */ = {
			isa = XCBuildConfiguration;
			buildSettings = {
				ALWAYS_SEARCH_USER_PATHS = NO;
				CLANG_ANALYZER_NONNULL = YES;
				CLANG_CXX_LANGUAGE_STANDARD = "gnu++0x";
				CLANG_CXX_LIBRARY = "libc++";
				CLANG_ENABLE_MODULES = YES;
				CLANG_ENABLE_OBJC_ARC = YES;
				CLANG_WARN_BOOL_CONVERSION = YES;
				CLANG_WARN_CONSTANT_CONVERSION = YES;
				CLANG_WARN_DIRECT_OBJC_ISA_USAGE = YES_ERROR;
				CLANG_WARN_DOCUMENTATION_COMMENTS = YES;
				CLANG_WARN_EMPTY_BODY = YES;
				CLANG_WARN_ENUM_CONVERSION = YES;
				CLANG_WARN_INFINITE_RECURSION = YES;
				CLANG_WARN_INT_CONVERSION = YES;
				CLANG_WARN_OBJC_ROOT_CLASS = YES_ERROR;
				CLANG_WARN_SUSPICIOUS_MOVE = YES;
				CLANG_WARN_UNREACHABLE_CODE = YES;
				CLANG_WARN__DUPLICATE_METHOD_MATCH = YES;
				"CODE_SIGN_IDENTITY[sdk=iphoneos*]" = "iPhone Developer";
				COPY_PHASE_STRIP = NO;
				DEBUG_INFORMATION_FORMAT = "dwarf-with-dsym";
				ENABLE_NS_ASSERTIONS = NO;
				ENABLE_STRICT_OBJC_MSGSEND = YES;
				GCC_C_LANGUAGE_STANDARD = gnu99;
				GCC_NO_COMMON_BLOCKS = YES;
				GCC_WARN_64_TO_32_BIT_CONVERSION = YES;
				GCC_WARN_ABOUT_RETURN_TYPE = YES_ERROR;
				GCC_WARN_UNDECLARED_SELECTOR = YES;
				GCC_WARN_UNINITIALIZED_AUTOS = YES_AGGRESSIVE;
				GCC_WARN_UNUSED_FUNCTION = YES;
				GCC_WARN_UNUSED_VARIABLE = YES;
				IPHONEOS_DEPLOYMENT_TARGET = 10.2;
				MTL_ENABLE_DEBUG_INFO = NO;
				SDKROOT = iphoneos;
				SWIFT_OPTIMIZATION_LEVEL = "-Owholemodule";
				TARGETED_DEVICE_FAMILY = "1,2";
				VALIDATE_PRODUCT = YES;
			};
			name = Release;
		};
		B986530E1E2B1D87004CCC50 /* Debug */ = {
			isa = XCBuildConfiguration;
			baseConfigurationReference = F4FA317C5521CF2D10618D99 /* Pods-Dream.debug.xcconfig */;
			buildSettings = {
				ASSETCATALOG_COMPILER_APPICON_NAME = AppIcon;
				DEVELOPMENT_TEAM = VDYWQG4YL7;
				INFOPLIST_FILE = Dream/Info.plist;
				LD_RUNPATH_SEARCH_PATHS = "$(inherited) @executable_path/Frameworks";
				PRODUCT_BUNDLE_IDENTIFIER = com.juliantejera.Dream;
				PRODUCT_NAME = "$(TARGET_NAME)";
				SWIFT_VERSION = 3.0;
			};
			name = Debug;
		};
		B986530F1E2B1D87004CCC50 /* Release */ = {
			isa = XCBuildConfiguration;
			baseConfigurationReference = D480BA1425D9C401DF9023A9 /* Pods-Dream.release.xcconfig */;
			buildSettings = {
				ASSETCATALOG_COMPILER_APPICON_NAME = AppIcon;
				DEVELOPMENT_TEAM = VDYWQG4YL7;
				INFOPLIST_FILE = Dream/Info.plist;
				LD_RUNPATH_SEARCH_PATHS = "$(inherited) @executable_path/Frameworks";
				PRODUCT_BUNDLE_IDENTIFIER = com.juliantejera.Dream;
				PRODUCT_NAME = "$(TARGET_NAME)";
				SWIFT_VERSION = 3.0;
			};
			name = Release;
		};
		B98653111E2B1D87004CCC50 /* Debug */ = {
			isa = XCBuildConfiguration;
			baseConfigurationReference = FD65AD93FDBE4D48DE6072A0 /* Pods-DreamTests.debug.xcconfig */;
			buildSettings = {
				ALWAYS_EMBED_SWIFT_STANDARD_LIBRARIES = YES;
				BUNDLE_LOADER = "$(TEST_HOST)";
				DEVELOPMENT_TEAM = VDYWQG4YL7;
				INFOPLIST_FILE = DreamTests/Info.plist;
				LD_RUNPATH_SEARCH_PATHS = "$(inherited) @executable_path/Frameworks @loader_path/Frameworks";
				PRODUCT_BUNDLE_IDENTIFIER = com.juliantejera.DreamTests;
				PRODUCT_NAME = "$(TARGET_NAME)";
				SWIFT_VERSION = 3.0;
				TEST_HOST = "$(BUILT_PRODUCTS_DIR)/Dream.app/Dream";
			};
			name = Debug;
		};
		B98653121E2B1D87004CCC50 /* Release */ = {
			isa = XCBuildConfiguration;
			baseConfigurationReference = 3641C53DA38C11F675C59BDC /* Pods-DreamTests.release.xcconfig */;
			buildSettings = {
				ALWAYS_EMBED_SWIFT_STANDARD_LIBRARIES = YES;
				BUNDLE_LOADER = "$(TEST_HOST)";
				DEVELOPMENT_TEAM = VDYWQG4YL7;
				INFOPLIST_FILE = DreamTests/Info.plist;
				LD_RUNPATH_SEARCH_PATHS = "$(inherited) @executable_path/Frameworks @loader_path/Frameworks";
				PRODUCT_BUNDLE_IDENTIFIER = com.juliantejera.DreamTests;
				PRODUCT_NAME = "$(TARGET_NAME)";
				SWIFT_VERSION = 3.0;
				TEST_HOST = "$(BUILT_PRODUCTS_DIR)/Dream.app/Dream";
			};
			name = Release;
		};
/* End XCBuildConfiguration section */

/* Begin XCConfigurationList section */
		B98652EB1E2B1D87004CCC50 /* Build configuration list for PBXProject "Dream" */ = {
			isa = XCConfigurationList;
			buildConfigurations = (
				B986530B1E2B1D87004CCC50 /* Debug */,
				B986530C1E2B1D87004CCC50 /* Release */,
			);
			defaultConfigurationIsVisible = 0;
			defaultConfigurationName = Release;
		};
		B986530D1E2B1D87004CCC50 /* Build configuration list for PBXNativeTarget "Dream" */ = {
			isa = XCConfigurationList;
			buildConfigurations = (
				B986530E1E2B1D87004CCC50 /* Debug */,
				B986530F1E2B1D87004CCC50 /* Release */,
			);
			defaultConfigurationIsVisible = 0;
		};
		B98653101E2B1D87004CCC50 /* Build configuration list for PBXNativeTarget "DreamTests" */ = {
			isa = XCConfigurationList;
			buildConfigurations = (
				B98653111E2B1D87004CCC50 /* Debug */,
				B98653121E2B1D87004CCC50 /* Release */,
			);
			defaultConfigurationIsVisible = 0;
		};
/* End XCConfigurationList section */
	};
	rootObject = B98652E81E2B1D87004CCC50 /* Project object */;
}
